
Microsoft Visual Studio Solution File, Format Version 11.00
# Visual Studio 2010
Project("{FAE04EC0-301F-11D3-BF4B-00C04F79EFBC}") = "Assembly-CSharp", "Assembly-CSharp.csproj", "{cd0d7c2d-6997-7524-b188-45dd932758d0}"
EndProject
Project("{FAE04EC0-301F-11D3-BF4B-00C04F79EFBC}") = "Assembly-CSharp-Editor", "Assembly-CSharp-Editor.csproj", "{ead7b49b-c8cc-3b95-a2e3-b59711d9e296}"
EndProject
Global
	GlobalSection(SolutionConfigurationPlatforms) = preSolution
		Debug|Any CPU = Debug|Any CPU
	EndGlobalSection
	GlobalSection(ProjectConfigurationPlatforms) = postSolution
		{cd0d7c2d-6997-7524-b188-45dd932758d0}.Debug|Any CPU.ActiveCfg = Debug|Any CPU
		{cd0d7c2d-6997-7524-b188-45dd932758d0}.Debug|Any CPU.Build.0 = Debug|Any CPU
		{ead7b49b-c8cc-3b95-a2e3-b59711d9e296}.Debug|Any CPU.ActiveCfg = Debug|Any CPU
		{ead7b49b-c8cc-3b95-a2e3-b59711d9e296}.Debug|Any CPU.Build.0 = Debug|Any CPU
	EndGlobalSection
	GlobalSection(SolutionProperties) = preSolution
		HideSolutionNode = FALSE
	EndGlobalSection
EndGlobal
